
Microsoft Visual Studio Solution File, Format Version 12.00
# Visual Studio Version 16
VisualStudioVersion = 16.0.29418.71
MinimumVisualStudioVersion = 10.0.40219.1
Project("{FAE04EC0-301F-11D3-BF4B-00C04F79EFBC}") = "CureTours", "CureTours\CureTours.csproj", "{FBD96BB4-DC20-4BBF-A206-7D924B83917D}"
EndProject
Global
	GlobalSection(SolutionConfigurationPlatforms) = preSolution
		Debug|Any CPU = Debug|Any CPU
		Release|Any CPU = Release|Any CPU
	EndGlobalSection
	GlobalSection(ProjectConfigurationPlatforms) = postSolution
		{FBD96BB4-DC20-4BBF-A206-7D924B83917D}.Debug|Any CPU.ActiveCfg = Debug|Any CPU
		{FBD96BB4-DC20-4BBF-A206-7D924B83917D}.Debug|Any CPU.Build.0 = Debug|Any CPU
		{FBD96BB4-DC20-4BBF-A206-7D924B83917D}.Release|Any CPU.ActiveCfg = Release|Any CPU
		{FBD96BB4-DC20-4BBF-A206-7D924B83917D}.Release|Any CPU.Build.0 = Release|Any CPU
	EndGlobalSection
	GlobalSection(SolutionProperties) = preSolution
		HideSolutionNode = FALSE
	EndGlobalSection
	GlobalSection(ExtensibilityGlobals) = postSolution
		SolutionGuid = {2B363B26-C9A0-45F4-8483-16D35CCD5F5A}
	EndGlobalSection
EndGlobal
